// !$*UTF8*$!
{
	archiveVersion = 1;
	classes = {
	};
	objectVersion = 56;
	objects = {

/* Begin PBXBuildFile section */
		C0250AA02A5B1A7F00221163 /* AppDelegate.swift in Sources */ = {isa = PBXBuildFile; fileRef = C0250A9F2A5B1A7F00221163 /* AppDelegate.swift */; };
		C0250AA22A5B1A7F00221163 /* SceneDelegate.swift in Sources */ = {isa = PBXBuildFile; fileRef = C0250AA12A5B1A7F00221163 /* SceneDelegate.swift */; };
		C0250AA72A5B1A7F00221163 /* Main.storyboard in Resources */ = {isa = PBXBuildFile; fileRef = C0250AA52A5B1A7F00221163 /* Main.storyboard */; };
		C0250AA92A5B1A7F00221163 /* Assets.xcassets in Resources */ = {isa = PBXBuildFile; fileRef = C0250AA82A5B1A7F00221163 /* Assets.xcassets */; };
		C0250AAC2A5B1A7F00221163 /* LaunchScreen.storyboard in Resources */ = {isa = PBXBuildFile; fileRef = C0250AAA2A5B1A7F00221163 /* LaunchScreen.storyboard */; };
		C0250AB42A5B1AEA00221163 /* TabBarViewController.swift in Sources */ = {isa = PBXBuildFile; fileRef = C0250AB32A5B1AEA00221163 /* TabBarViewController.swift */; };
		C0250AB62A5B1C8C00221163 /* ContactListViewController.swift in Sources */ = {isa = PBXBuildFile; fileRef = C0250AB52A5B1C8C00221163 /* ContactListViewController.swift */; };
		C0250AB92A5B1CF700221163 /* Person.swift in Sources */ = {isa = PBXBuildFile; fileRef = C0250AB82A5B1CF700221163 /* Person.swift */; };
		C0250ABC2A5B1D6A00221163 /* DataStore.swift in Sources */ = {isa = PBXBuildFile; fileRef = C0250ABB2A5B1D6A00221163 /* DataStore.swift */; };
		C0250ABE2A5B20C600221163 /* SectionTableViewController.swift in Sources */ = {isa = PBXBuildFile; fileRef = C0250ABD2A5B20C600221163 /* SectionTableViewController.swift */; };
		C0250AC22A5B369400221163 /* ContactDetailsViewController.swift in Sources */ = {isa = PBXBuildFile; fileRef = C0250AC12A5B369400221163 /* ContactDetailsViewController.swift */; };
/* End PBXBuildFile section */

/* Begin PBXFileReference section */
		C0250A9C2A5B1A7F00221163 /* ContactList.app */ = {isa = PBXFileReference; explicitFileType = wrapper.application; includeInIndex = 0; path = ContactList.app; sourceTree = BUILT_PRODUCTS_DIR; };
		C0250A9F2A5B1A7F00221163 /* AppDelegate.swift */ = {isa = PBXFileReference; lastKnownFileType = sourcecode.swift; path = AppDelegate.swift; sourceTree = "<group>"; };
		C0250AA12A5B1A7F00221163 /* SceneDelegate.swift */ = {isa = PBXFileReference; lastKnownFileType = sourcecode.swift; path = SceneDelegate.swift; sourceTree = "<group>"; };
		C0250AA62A5B1A7F00221163 /* Base */ = {isa = PBXFileReference; lastKnownFileType = file.storyboard; name = Base; path = Base.lproj/Main.storyboard; sourceTree = "<group>"; };
		C0250AA82A5B1A7F00221163 /* Assets.xcassets */ = {isa = PBXFileReference; lastKnownFileType = folder.assetcatalog; path = Assets.xcassets; sourceTree = "<group>"; };
		C0250AAB2A5B1A7F00221163 /* Base */ = {isa = PBXFileReference; lastKnownFileType = file.storyboard; name = Base; path = Base.lproj/LaunchScreen.storyboard; sourceTree = "<group>"; };
		C0250AAD2A5B1A7F00221163 /* Info.plist */ = {isa = PBXFileReference; lastKnownFileType = text.plist.xml; path = Info.plist; sourceTree = "<group>"; };
		C0250AB32A5B1AEA00221163 /* TabBarViewController.swift */ = {isa = PBXFileReference; lastKnownFileType = sourcecode.swift; path = TabBarViewController.swift; sourceTree = "<group>"; };
		C0250AB52A5B1C8C00221163 /* ContactListViewController.swift */ = {isa = PBXFileReference; lastKnownFileType = sourcecode.swift; path = ContactListViewController.swift; sourceTree = "<group>"; };
		C0250AB82A5B1CF700221163 /* Person.swift */ = {isa = PBXFileReference; lastKnownFileType = sourcecode.swift; path = Person.swift; sourceTree = "<group>"; };
		C0250ABB2A5B1D6A00221163 /* DataStore.swift */ = {isa = PBXFileReference; lastKnownFileType = sourcecode.swift; path = DataStore.swift; sourceTree = "<group>"; };
		C0250ABD2A5B20C600221163 /* SectionTableViewController.swift */ = {isa = PBXFileReference; lastKnownFileType = sourcecode.swift; path = SectionTableViewController.swift; sourceTree = "<group>"; };
		C0250AC12A5B369400221163 /* ContactDetailsViewController.swift */ = {isa = PBXFileReference; lastKnownFileType = sourcecode.swift; path = ContactDetailsViewController.swift; sourceTree = "<group>"; };
/* End PBXFileReference section */

/* Begin PBXFrameworksBuildPhase section */
		C0250A992A5B1A7F00221163 /* Frameworks */ = {
			isa = PBXFrameworksBuildPhase;
			buildActionMask = 2147483647;
			files = (
			);
			runOnlyForDeploymentPostprocessing = 0;
		};
/* End PBXFrameworksBuildPhase section */

/* Begin PBXGroup section */
		C0250A932A5B1A7F00221163 = {
			isa = PBXGroup;
			children = (
				C0250AC62A5B3FDB00221163 /* ContactList */,
				C0250A9D2A5B1A7F00221163 /* Products */,
			);
			sourceTree = "<group>";
		};
		C0250A9D2A5B1A7F00221163 /* Products */ = {
			isa = PBXGroup;
			children = (
				C0250A9C2A5B1A7F00221163 /* ContactList.app */,
			);
			name = Products;
			sourceTree = "<group>";
		};
		C0250A9E2A5B1A7F00221163 /* VIewControllers */ = {
			isa = PBXGroup;
			children = (
				C0250AA12A5B1A7F00221163 /* SceneDelegate.swift */,
				C0250AB32A5B1AEA00221163 /* TabBarViewController.swift */,
				C0250AB52A5B1C8C00221163 /* ContactListViewController.swift */,
				C0250AC12A5B369400221163 /* ContactDetailsViewController.swift */,
				C0250ABD2A5B20C600221163 /* SectionTableViewController.swift */,
			);
			path = VIewControllers;
			sourceTree = "<group>";
		};
		C0250AB72A5B1CE300221163 /* Model */ = {
			isa = PBXGroup;
			children = (
				C0250AB82A5B1CF700221163 /* Person.swift */,
			);
			path = Model;
			sourceTree = "<group>";
		};
		C0250ABA2A5B1D5700221163 /* Services */ = {
			isa = PBXGroup;
			children = (
				C0250ABB2A5B1D6A00221163 /* DataStore.swift */,
			);
			path = Services;
			sourceTree = "<group>";
		};
		C0250AC32A5B3F3000221163 /* Resources */ = {
			isa = PBXGroup;
			children = (
				C0250AA82A5B1A7F00221163 /* Assets.xcassets */,
			);
			path = Resources;
			sourceTree = "<group>";
		};
		C0250AC42A5B3F7800221163 /* App */ = {
			isa = PBXGroup;
			children = (
				C0250A9F2A5B1A7F00221163 /* AppDelegate.swift */,
				C0250AAD2A5B1A7F00221163 /* Info.plist */,
			);
			path = App;
			sourceTree = "<group>";
		};
		C0250AC52A5B3F8D00221163 /* StoryBoards */ = {
			isa = PBXGroup;
			children = (
				C0250AA52A5B1A7F00221163 /* Main.storyboard */,
				C0250AAA2A5B1A7F00221163 /* LaunchScreen.storyboard */,
			);
			path = StoryBoards;
			sourceTree = "<group>";
		};
		C0250AC62A5B3FDB00221163 /* ContactList */ = {
			isa = PBXGroup;
			children = (
				C0250A9E2A5B1A7F00221163 /* VIewControllers */,
				C0250AB72A5B1CE300221163 /* Model */,
				C0250ABA2A5B1D5700221163 /* Services */,
				C0250AC52A5B3F8D00221163 /* StoryBoards */,
				C0250AC42A5B3F7800221163 /* App */,
				C0250AC32A5B3F3000221163 /* Resources */,
			);
			path = ContactList;
			sourceTree = "<group>";
		};
/* End PBXGroup section */

/* Begin PBXNativeTarget section */
		C0250A9B2A5B1A7F00221163 /* ContactList */ = {
			isa = PBXNativeTarget;
			buildConfigurationList = C0250AB02A5B1A7F00221163 /* Build configuration list for PBXNativeTarget "ContactList" */;
			buildPhases = (
				C0250A982A5B1A7F00221163 /* Sources */,
				C0250A992A5B1A7F00221163 /* Frameworks */,
				C0250A9A2A5B1A7F00221163 /* Resources */,
			);
			buildRules = (
			);
			dependencies = (
			);
			name = ContactList;
			productName = ContactList;
			productReference = C0250A9C2A5B1A7F00221163 /* ContactList.app */;
			productType = "com.apple.product-type.application";
		};
/* End PBXNativeTarget section */

/* Begin PBXProject section */
		C0250A942A5B1A7F00221163 /* Project object */ = {
			isa = PBXProject;
			attributes = {
				BuildIndependentTargetsInParallel = 1;
				LastSwiftUpdateCheck = 1430;
				LastUpgradeCheck = 1430;
				TargetAttributes = {
					C0250A9B2A5B1A7F00221163 = {
						CreatedOnToolsVersion = 14.3;
					};
				};
			};
			buildConfigurationList = C0250A972A5B1A7F00221163 /* Build configuration list for PBXProject "ContactList" */;
			compatibilityVersion = "Xcode 14.0";
			developmentRegion = en;
			hasScannedForEncodings = 0;
			knownRegions = (
				en,
				Base,
			);
			mainGroup = C0250A932A5B1A7F00221163;
			productRefGroup = C0250A9D2A5B1A7F00221163 /* Products */;
			projectDirPath = "";
			projectRoot = "";
			targets = (
				C0250A9B2A5B1A7F00221163 /* ContactList */,
			);
		};
/* End PBXProject section */

/* Begin PBXResourcesBuildPhase section */
		C0250A9A2A5B1A7F00221163 /* Resources */ = {
			isa = PBXResourcesBuildPhase;
			buildActionMask = 2147483647;
			files = (
				C0250AAC2A5B1A7F00221163 /* LaunchScreen.storyboard in Resources */,
				C0250AA92A5B1A7F00221163 /* Assets.xcassets in Resources */,
				C0250AA72A5B1A7F00221163 /* Main.storyboard in Resources */,
			);
			runOnlyForDeploymentPostprocessing = 0;
		};
/* End PBXResourcesBuildPhase section */

/* Begin PBXSourcesBuildPhase section */
		C0250A982A5B1A7F00221163 /* Sources */ = {
			isa = PBXSourcesBuildPhase;
			buildActionMask = 2147483647;
			files = (
				C0250AB92A5B1CF700221163 /* Person.swift in Sources */,
				C0250ABE2A5B20C600221163 /* SectionTableViewController.swift in Sources */,
				C0250ABC2A5B1D6A00221163 /* DataStore.swift in Sources */,
				C0250AA02A5B1A7F00221163 /* AppDelegate.swift in Sources */,
				C0250AB42A5B1AEA00221163 /* TabBarViewController.swift in Sources */,
				C0250AB62A5B1C8C00221163 /* ContactListViewController.swift in Sources */,
				C0250AC22A5B369400221163 /* ContactDetailsViewController.swift in Sources */,
				C0250AA22A5B1A7F00221163 /* SceneDelegate.swift in Sources */,
			);
			runOnlyForDeploymentPostprocessing = 0;
		};
/* End PBXSourcesBuildPhase section */

/* Begin PBXVariantGroup section */
		C0250AA52A5B1A7F00221163 /* Main.storyboard */ = {
			isa = PBXVariantGroup;
			children = (
				C0250AA62A5B1A7F00221163 /* Base */,
			);
			name = Main.storyboard;
			sourceTree = "<group>";
		};
		C0250AAA2A5B1A7F00221163 /* LaunchScreen.storyboard */ = {
			isa = PBXVariantGroup;
			children = (
				C0250AAB2A5B1A7F00221163 /* Base */,
			);
			name = LaunchScreen.storyboard;
			sourceTree = "<group>";
		};
/* End PBXVariantGroup section */

/* Begin XCBuildConfiguration section */
		C0250AAE2A5B1A7F00221163 /* Debug */ = {
			isa = XCBuildConfiguration;
			buildSettings = {
				ALWAYS_SEARCH_USER_PATHS = NO;
				CLANG_ANALYZER_NONNULL = YES;
				CLANG_ANALYZER_NUMBER_OBJECT_CONVERSION = YES_AGGRESSIVE;
				CLANG_CXX_LANGUAGE_STANDARD = "gnu++20";
				CLANG_ENABLE_MODULES = YES;
				CLANG_ENABLE_OBJC_ARC = YES;
				CLANG_ENABLE_OBJC_WEAK = YES;
				CLANG_WARN_BLOCK_CAPTURE_AUTORELEASING = YES;
				CLANG_WARN_BOOL_CONVERSION = YES;
				CLANG_WARN_COMMA = YES;
				CLANG_WARN_CONSTANT_CONVERSION = YES;
				CLANG_WARN_DEPRECATED_OBJC_IMPLEMENTATIONS = YES;
				CLANG_WARN_DIRECT_OBJC_ISA_USAGE = YES_ERROR;
				CLANG_WARN_DOCUMENTATION_COMMENTS = YES;
				CLANG_WARN_EMPTY_BODY = YES;
				CLANG_WARN_ENUM_CONVERSION = YES;
				CLANG_WARN_INFINITE_RECURSION = YES;
				CLANG_WARN_INT_CONVERSION = YES;
				CLANG_WARN_NON_LITERAL_NULL_CONVERSION = YES;
				CLANG_WARN_OBJC_IMPLICIT_RETAIN_SELF = YES;
				CLANG_WARN_OBJC_LITERAL_CONVERSION = YES;
				CLANG_WARN_OBJC_ROOT_CLASS = YES_ERROR;
				CLANG_WARN_QUOTED_INCLUDE_IN_FRAMEWORK_HEADER = YES;
				CLANG_WARN_RANGE_LOOP_ANALYSIS = YES;
				CLANG_WARN_STRICT_PROTOTYPES = YES;
				CLANG_WARN_SUSPICIOUS_MOVE = YES;
				CLANG_WARN_UNGUARDED_AVAILABILITY = YES_AGGRESSIVE;
				CLANG_WARN_UNREACHABLE_CODE = YES;
				CLANG_WARN__DUPLICATE_METHOD_MATCH = YES;
				COPY_PHASE_STRIP = NO;
				DEBUG_INFORMATION_FORMAT = dwarf;
				ENABLE_STRICT_OBJC_MSGSEND = YES;
				ENABLE_TESTABILITY = YES;
				GCC_C_LANGUAGE_STANDARD = gnu11;
				GCC_DYNAMIC_NO_PIC = NO;
				GCC_NO_COMMON_BLOCKS = YES;
				GCC_OPTIMIZATION_LEVEL = 0;
				GCC_PREPROCESSOR_DEFINITIONS = (
					"DEBUG=1",
					"$(inherited)",
				);
				GCC_WARN_64_TO_32_BIT_CONVERSION = YES;
				GCC_WARN_ABOUT_RETURN_TYPE = YES_ERROR;
				GCC_WARN_UNDECLARED_SELECTOR = YES;
				GCC_WARN_UNINITIALIZED_AUTOS = YES_AGGRESSIVE;
				GCC_WARN_UNUSED_FUNCTION = YES;
				GCC_WARN_UNUSED_VARIABLE = YES;
				IPHONEOS_DEPLOYMENT_TARGET = 16.4;
				MTL_ENABLE_DEBUG_INFO = INCLUDE_SOURCE;
				MTL_FAST_MATH = YES;
				ONLY_ACTIVE_ARCH = YES;
				SDKROOT = iphoneos;
				SWIFT_ACTIVE_COMPILATION_CONDITIONS = DEBUG;
				SWIFT_OPTIMIZATION_LEVEL = "-Onone";
			};
			name = Debug;
		};
		C0250AAF2A5B1A7F00221163 /* Release */ = {
			isa = XCBuildConfiguration;
			buildSettings = {
				ALWAYS_SEARCH_USER_PATHS = NO;
				CLANG_ANALYZER_NONNULL = YES;
				CLANG_ANALYZER_NUMBER_OBJECT_CONVERSION = YES_AGGRESSIVE;
				CLANG_CXX_LANGUAGE_STANDARD = "gnu++20";
				CLANG_ENABLE_MODULES = YES;
				CLANG_ENABLE_OBJC_ARC = YES;
				CLANG_ENABLE_OBJC_WEAK = YES;
				CLANG_WARN_BLOCK_CAPTURE_AUTORELEASING = YES;
				CLANG_WARN_BOOL_CONVERSION = YES;
				CLANG_WARN_COMMA = YES;
				CLANG_WARN_CONSTANT_CONVERSION = YES;
				CLANG_WARN_DEPRECATED_OBJC_IMPLEMENTATIONS = YES;
				CLANG_WARN_DIRECT_OBJC_ISA_USAGE = YES_ERROR;
				CLANG_WARN_DOCUMENTATION_COMMENTS = YES;
				CLANG_WARN_EMPTY_BODY = YES;
				CLANG_WARN_ENUM_CONVERSION = YES;
				CLANG_WARN_INFINITE_RECURSION = YES;
				CLANG_WARN_INT_CONVERSION = YES;
				CLANG_WARN_NON_LITERAL_NULL_CONVERSION = YES;
				CLANG_WARN_OBJC_IMPLICIT_RETAIN_SELF = YES;
				CLANG_WARN_OBJC_LITERAL_CONVERSION = YES;
				CLANG_WARN_OBJC_ROOT_CLASS = YES_ERROR;
				CLANG_WARN_QUOTED_INCLUDE_IN_FRAMEWORK_HEADER = YES;
				CLANG_WARN_RANGE_LOOP_ANALYSIS = YES;
				CLANG_WARN_STRICT_PROTOTYPES = YES;
				CLANG_WARN_SUSPICIOUS_MOVE = YES;
				CLANG_WARN_UNGUARDED_AVAILABILITY = YES_AGGRESSIVE;
				CLANG_WARN_UNREACHABLE_CODE = YES;
				CLANG_WARN__DUPLICATE_METHOD_MATCH = YES;
				COPY_PHASE_STRIP = NO;
				DEBUG_INFORMATION_FORMAT = "dwarf-with-dsym";
				ENABLE_NS_ASSERTIONS = NO;
				ENABLE_STRICT_OBJC_MSGSEND = YES;
				GCC_C_LANGUAGE_STANDARD = gnu11;
				GCC_NO_COMMON_BLOCKS = YES;
				GCC_WARN_64_TO_32_BIT_CONVERSION = YES;
				GCC_WARN_ABOUT_RETURN_TYPE = YES_ERROR;
				GCC_WARN_UNDECLARED_SELECTOR = YES;
				GCC_WARN_UNINITIALIZED_AUTOS = YES_AGGRESSIVE;
				GCC_WARN_UNUSED_FUNCTION = YES;
				GCC_WARN_UNUSED_VARIABLE = YES;
				IPHONEOS_DEPLOYMENT_TARGET = 16.4;
				MTL_ENABLE_DEBUG_INFO = NO;
				MTL_FAST_MATH = YES;
				SDKROOT = iphoneos;
				SWIFT_COMPILATION_MODE = wholemodule;
				SWIFT_OPTIMIZATION_LEVEL = "-O";
				VALIDATE_PRODUCT = YES;
			};
			name = Release;
		};
		C0250AB12A5B1A7F00221163 /* Debug */ = {
			isa = XCBuildConfiguration;
			buildSettings = {
				ASSETCATALOG_COMPILER_APPICON_NAME = AppIcon;
				ASSETCATALOG_COMPILER_GLOBAL_ACCENT_COLOR_NAME = AccentColor;
				CODE_SIGN_STYLE = Automatic;
				CURRENT_PROJECT_VERSION = 1;
				DEVELOPMENT_TEAM = 27DUN46W9J;
				GENERATE_INFOPLIST_FILE = YES;
				INFOPLIST_FILE = ContactList/App/Info.plist;
				INFOPLIST_KEY_UIApplicationSupportsIndirectInputEvents = YES;
				INFOPLIST_KEY_UILaunchStoryboardName = LaunchScreen;
				INFOPLIST_KEY_UIMainStoryboardFile = Main;
				INFOPLIST_KEY_UISupportedInterfaceOrientations_iPad = "UIInterfaceOrientationPortrait UIInterfaceOrientationPortraitUpsideDown UIInterfaceOrientationLandscapeLeft UIInterfaceOrientationLandscapeRight";
				INFOPLIST_KEY_UISupportedInterfaceOrientations_iPhone = "UIInterfaceOrientationPortrait UIInterfaceOrientationLandscapeLeft UIInterfaceOrientationLandscapeRight";
				LD_RUNPATH_SEARCH_PATHS = (
					"$(inherited)",
					"@executable_path/Frameworks",
				);
				MARKETING_VERSION = 1.0;
				PRODUCT_BUNDLE_IDENTIFIER = com.yuriyluka.ContactList;
				PRODUCT_NAME = "$(TARGET_NAME)";
				SUPPORTED_PLATFORMS = "iphoneos iphonesimulator";
				SUPPORTS_MACCATALYST = NO;
				SUPPORTS_MAC_DESIGNED_FOR_IPHONE_IPAD = NO;
				SWIFT_EMIT_LOC_STRINGS = YES;
				SWIFT_VERSION = 5.0;
				TARGETED_DEVICE_FAMILY = 1;
			};
			name = Debug;
		};
		C0250AB22A5B1A7F00221163 /* Release */ = {
			isa = XCBuildConfiguration;
			buildSettings = {
				ASSETCATALOG_COMPILER_APPICON_NAME = AppIcon;
				ASSETCATALOG_COMPILER_GLOBAL_ACCENT_COLOR_NAME = AccentColor;
				CODE_SIGN_STYLE = Automatic;
				CURRENT_PROJECT_VERSION = 1;
				DEVELOPMENT_TEAM = 27DUN46W9J;
				GENERATE_INFOPLIST_FILE = YES;
				INFOPLIST_FILE = ContactList/App/Info.plist;
				INFOPLIST_KEY_UIApplicationSupportsIndirectInputEvents = YES;
				INFOPLIST_KEY_UILaunchStoryboardName = LaunchScreen;
				INFOPLIST_KEY_UIMainStoryboardFile = Main;
				INFOPLIST_KEY_UISupportedInterfaceOrientations_iPad = "UIInterfaceOrientationPortrait UIInterfaceOrientationPortraitUpsideDown UIInterfaceOrientationLandscapeLeft UIInterfaceOrientationLandscapeRight";
				INFOPLIST_KEY_UISupportedInterfaceOrientations_iPhone = "UIInterfaceOrientationPortrait UIInterfaceOrientationLandscapeLeft UIInterfaceOrientationLandscapeRight";
				LD_RUNPATH_SEARCH_PATHS = (
					"$(inherited)",
					"@executable_path/Frameworks",
				);
				MARKETING_VERSION = 1.0;
				PRODUCT_BUNDLE_IDENTIFIER = com.yuriyluka.ContactList;
				PRODUCT_NAME = "$(TARGET_NAME)";
				SUPPORTED_PLATFORMS = "iphoneos iphonesimulator";
				SUPPORTS_MACCATALYST = NO;
				SUPPORTS_MAC_DESIGNED_FOR_IPHONE_IPAD = NO;
				SWIFT_EMIT_LOC_STRINGS = YES;
				SWIFT_VERSION = 5.0;
				TARGETED_DEVICE_FAMILY = 1;
			};
			name = Release;
		};
/* End XCBuildConfiguration section */

/* Begin XCConfigurationList section */
		C0250A972A5B1A7F00221163 /* Build configuration list for PBXProject "ContactList" */ = {
			isa = XCConfigurationList;
			buildConfigurations = (
				C0250AAE2A5B1A7F00221163 /* Debug */,
				C0250AAF2A5B1A7F00221163 /* Release */,
			);
			defaultConfigurationIsVisible = 0;
			defaultConfigurationName = Release;
		};
		C0250AB02A5B1A7F00221163 /* Build configuration list for PBXNativeTarget "ContactList" */ = {
			isa = XCConfigurationList;
			buildConfigurations = (
				C0250AB12A5B1A7F00221163 /* Debug */,
				C0250AB22A5B1A7F00221163 /* Release */,
			);
			defaultConfigurationIsVisible = 0;
			defaultConfigurationName = Release;
		};
/* End XCConfigurationList section */
	};
	rootObject = C0250A942A5B1A7F00221163 /* Project object */;
}
